
Microsoft Visual Studio Solution File, Format Version 12.00
# Visual Studio 2013
VisualStudioVersion = 12.0.31101.0
MinimumVisualStudioVersion = 10.0.40219.1
Project("{FAE04EC0-301F-11D3-BF4B-00C04F79EFBC}") = "channel-openapi-client_csharp", "channel-openapi-client_csharp\channel-openapi-client_csharp.csproj", "{1AAF358E-916C-4B2C-9403-A915ED637C53}"
EndProject
Project("{FAE04EC0-301F-11D3-BF4B-00C04F79EFBC}") = "sdk-test", "sdk-test\sdk-test.csproj", "{9CD2ACF8-8D24-4322-88BE-8599B6C33655}"
EndProject
Global
	GlobalSection(SolutionConfigurationPlatforms) = preSolution
		Debug|Any CPU = Debug|Any CPU
		Release|Any CPU = Release|Any CPU
	EndGlobalSection
	GlobalSection(ProjectConfigurationPlatforms) = postSolution
		{1AAF358E-916C-4B2C-9403-A915ED637C53}.Debug|Any CPU.ActiveCfg = Debug|Any CPU
		{1AAF358E-916C-4B2C-9403-A915ED637C53}.Debug|Any CPU.Build.0 = Debug|Any CPU
		{1AAF358E-916C-4B2C-9403-A915ED637C53}.Release|Any CPU.ActiveCfg = Release|Any CPU
		{1AAF358E-916C-4B2C-9403-A915ED637C53}.Release|Any CPU.Build.0 = Release|Any CPU
		{9CD2ACF8-8D24-4322-88BE-8599B6C33655}.Debug|Any CPU.ActiveCfg = Debug|Any CPU
		{9CD2ACF8-8D24-4322-88BE-8599B6C33655}.Debug|Any CPU.Build.0 = Debug|Any CPU
		{9CD2ACF8-8D24-4322-88BE-8599B6C33655}.Release|Any CPU.ActiveCfg = Release|Any CPU
		{9CD2ACF8-8D24-4322-88BE-8599B6C33655}.Release|Any CPU.Build.0 = Release|Any CPU
	EndGlobalSection
	GlobalSection(SolutionProperties) = preSolution
		HideSolutionNode = FALSE
	EndGlobalSection
EndGlobal
